
Microsoft Visual Studio Solution File, Format Version 12.00
# Visual Studio 2013
VisualStudioVersion = 12.0.31101.0
MinimumVisualStudioVersion = 10.0.40219.1
Project("{FAE04EC0-301F-11D3-BF4B-00C04F79EFBC}") = "CustomGenericMethods", "CustomGenericMethods\CustomGenericMethods.csproj", "{5322BF43-DF8E-4414-ACC4-074C968C38F7}"
EndProject
Global
	GlobalSection(SolutionConfigurationPlatforms) = preSolution
		Debug|Any CPU = Debug|Any CPU
		Release|Any CPU = Release|Any CPU
	EndGlobalSection
	GlobalSection(ProjectConfigurationPlatforms) = postSolution
		{5322BF43-DF8E-4414-ACC4-074C968C38F7}.Debug|Any CPU.ActiveCfg = Debug|Any CPU
		{5322BF43-DF8E-4414-ACC4-074C968C38F7}.Debug|Any CPU.Build.0 = Debug|Any CPU
		{5322BF43-DF8E-4414-ACC4-074C968C38F7}.Release|Any CPU.ActiveCfg = Release|Any CPU
		{5322BF43-DF8E-4414-ACC4-074C968C38F7}.Release|Any CPU.Build.0 = Release|Any CPU
	EndGlobalSection
	GlobalSection(SolutionProperties) = preSolution
		HideSolutionNode = FALSE
	EndGlobalSection
EndGlobal
