
Microsoft Visual Studio Solution File, Format Version 12.00
# Visual Studio 2013
VisualStudioVersion = 12.0.31101.0
MinimumVisualStudioVersion = 10.0.40219.1
Project("{FAE04EC0-301F-11D3-BF4B-00C04F79EFBC}") = "AbstractFactory", "AbstractFactory\AbstractFactory.csproj", "{9948FFB4-501E-4036-BD4C-44BA53AE9003}"
EndProject
Project("{FAE04EC0-301F-11D3-BF4B-00C04F79EFBC}") = "Builder", "Builder\Builder.csproj", "{1BA40D6D-5DC5-4530-B0C4-167470F11EE1}"
EndProject
Project("{FAE04EC0-301F-11D3-BF4B-00C04F79EFBC}") = "FactoryMethod", "FactoryMethod\FactoryMethod.csproj", "{85234266-8BCC-4AC5-BE5E-CAFC59DCA9EF}"
EndProject
Project("{FAE04EC0-301F-11D3-BF4B-00C04F79EFBC}") = "Prototype", "Prototype\Prototype\Prototype.csproj", "{F181265A-95A8-49FE-8F07-E2612AC352BF}"
EndProject
Project("{FAE04EC0-301F-11D3-BF4B-00C04F79EFBC}") = "Singleton", "Singleton\Singleton\Singleton.csproj", "{24F1DB36-F651-4962-9919-152A76959590}"
EndProject
Global
	GlobalSection(SolutionConfigurationPlatforms) = preSolution
		Debug|Any CPU = Debug|Any CPU
		Release|Any CPU = Release|Any CPU
	EndGlobalSection
	GlobalSection(ProjectConfigurationPlatforms) = postSolution
		{9948FFB4-501E-4036-BD4C-44BA53AE9003}.Debug|Any CPU.ActiveCfg = Debug|Any CPU
		{9948FFB4-501E-4036-BD4C-44BA53AE9003}.Debug|Any CPU.Build.0 = Debug|Any CPU
		{9948FFB4-501E-4036-BD4C-44BA53AE9003}.Release|Any CPU.ActiveCfg = Release|Any CPU
		{9948FFB4-501E-4036-BD4C-44BA53AE9003}.Release|Any CPU.Build.0 = Release|Any CPU
		{1BA40D6D-5DC5-4530-B0C4-167470F11EE1}.Debug|Any CPU.ActiveCfg = Debug|Any CPU
		{1BA40D6D-5DC5-4530-B0C4-167470F11EE1}.Debug|Any CPU.Build.0 = Debug|Any CPU
		{1BA40D6D-5DC5-4530-B0C4-167470F11EE1}.Release|Any CPU.ActiveCfg = Release|Any CPU
		{1BA40D6D-5DC5-4530-B0C4-167470F11EE1}.Release|Any CPU.Build.0 = Release|Any CPU
		{85234266-8BCC-4AC5-BE5E-CAFC59DCA9EF}.Debug|Any CPU.ActiveCfg = Debug|Any CPU
		{85234266-8BCC-4AC5-BE5E-CAFC59DCA9EF}.Debug|Any CPU.Build.0 = Debug|Any CPU
		{85234266-8BCC-4AC5-BE5E-CAFC59DCA9EF}.Release|Any CPU.ActiveCfg = Release|Any CPU
		{85234266-8BCC-4AC5-BE5E-CAFC59DCA9EF}.Release|Any CPU.Build.0 = Release|Any CPU
		{F181265A-95A8-49FE-8F07-E2612AC352BF}.Debug|Any CPU.ActiveCfg = Debug|Any CPU
		{F181265A-95A8-49FE-8F07-E2612AC352BF}.Debug|Any CPU.Build.0 = Debug|Any CPU
		{F181265A-95A8-49FE-8F07-E2612AC352BF}.Release|Any CPU.ActiveCfg = Release|Any CPU
		{F181265A-95A8-49FE-8F07-E2612AC352BF}.Release|Any CPU.Build.0 = Release|Any CPU
		{24F1DB36-F651-4962-9919-152A76959590}.Debug|Any CPU.ActiveCfg = Debug|Any CPU
		{24F1DB36-F651-4962-9919-152A76959590}.Debug|Any CPU.Build.0 = Debug|Any CPU
		{24F1DB36-F651-4962-9919-152A76959590}.Release|Any CPU.ActiveCfg = Release|Any CPU
		{24F1DB36-F651-4962-9919-152A76959590}.Release|Any CPU.Build.0 = Release|Any CPU
	EndGlobalSection
	GlobalSection(SolutionProperties) = preSolution
		HideSolutionNode = FALSE
	EndGlobalSection
EndGlobal
